# @generated - this file is auto-generated by `mise lock` https://mise.jdx.dev/dev-tools/mise-lock.html

[[tools."github:lauritsk/hatchctl"]]
version = "0.6.12"
backend = "github:lauritsk/hatchctl"

[tools."github:lauritsk/hatchctl"."platforms.linux-arm64"]
checksum = "sha256:44c22255ad6385603f92321642db52d68d2514036863efb8f062999b628dcad7"
url = "https://github.com/lauritsk/hatchctl/releases/download/v0.6.12/hatchctl_Linux_arm64.tar.gz"
url_api = "https://api.github.com/repos/lauritsk/hatchctl/releases/assets/393421131"

[tools."github:lauritsk/hatchctl"."platforms.linux-arm64-musl"]
checksum = "sha256:44c22255ad6385603f92321642db52d68d2514036863efb8f062999b628dcad7"
url = "https://github.com/lauritsk/hatchctl/releases/download/v0.6.12/hatchctl_Linux_arm64.tar.gz"
url_api = "https://api.github.com/repos/lauritsk/hatchctl/releases/assets/393421131"

[tools."github:lauritsk/hatchctl"."platforms.linux-x64"]
checksum = "sha256:94031fa30bf4b350842906edde03f14b11380123bdec8ce40638d889d25fd203"
url = "https://github.com/lauritsk/hatchctl/releases/download/v0.6.12/hatchctl_Linux_x86_64.tar.gz"
url_api = "https://api.github.com/repos/lauritsk/hatchctl/releases/assets/393421132"

[tools."github:lauritsk/hatchctl"."platforms.linux-x64-musl"]
checksum = "sha256:94031fa30bf4b350842906edde03f14b11380123bdec8ce40638d889d25fd203"
url = "https://github.com/lauritsk/hatchctl/releases/download/v0.6.12/hatchctl_Linux_x86_64.tar.gz"
url_api = "https://api.github.com/repos/lauritsk/hatchctl/releases/assets/393421132"

[tools."github:lauritsk/hatchctl"."platforms.macos-arm64"]
checksum = "sha256:4c4140a215e5e8985006985eb51e893d838e2f92842fffe78c164f015fa6b97b"
url = "https://github.com/lauritsk/hatchctl/releases/download/v0.6.12/hatchctl_Darwin_arm64.tar.gz"
url_api = "https://api.github.com/repos/lauritsk/hatchctl/releases/assets/393421134"

[tools."github:lauritsk/hatchctl"."platforms.macos-x64"]
checksum = "sha256:83dfe9329c951f119763d7358f967580eaefc782940c32677893e968d7bc270b"
url = "https://github.com/lauritsk/hatchctl/releases/download/v0.6.12/hatchctl_Darwin_x86_64.tar.gz"
url_api = "https://api.github.com/repos/lauritsk/hatchctl/releases/assets/393421133"

[[tools.go]]
version = "1.26.2"
backend = "core:go"

[tools.go."platforms.linux-arm64"]
checksum = "sha256:c958a1fe1b361391db163a485e21f5f228142d6f8b584f6bef89b26f66dc5b23"
url = "https://dl.google.com/go/go1.26.2.linux-arm64.tar.gz"

[tools.go."platforms.linux-arm64-musl"]
checksum = "sha256:c958a1fe1b361391db163a485e21f5f228142d6f8b584f6bef89b26f66dc5b23"
url = "https://dl.google.com/go/go1.26.2.linux-arm64.tar.gz"

[tools.go."platforms.linux-x64"]
checksum = "sha256:990e6b4bbba816dc3ee129eaeaf4b42f17c2800b88a2166c265ac1a200262282"
url = "https://dl.google.com/go/go1.26.2.linux-amd64.tar.gz"

[tools.go."platforms.linux-x64-musl"]
checksum = "sha256:990e6b4bbba816dc3ee129eaeaf4b42f17c2800b88a2166c265ac1a200262282"
url = "https://dl.google.com/go/go1.26.2.linux-amd64.tar.gz"

[tools.go."platforms.macos-arm64"]
checksum = "sha256:32af1522bf3e3ff3975864780a429cc0b41d190ec7bf90faa661d6d64566e7af"
url = "https://dl.google.com/go/go1.26.2.darwin-arm64.tar.gz"

[tools.go."platforms.macos-x64"]
checksum = "sha256:bc3f1500d9968c36d705442d90ba91addf9271665033748b82532682e90a7966"
url = "https://dl.google.com/go/go1.26.2.darwin-amd64.tar.gz"

[tools.go."platforms.windows-x64"]
checksum = "sha256:98eb3570bade15cb826b0909338df6cc6d2cf590bc39c471142002db3832b708"
url = "https://dl.google.com/go/go1.26.2.windows-amd64.zip"
