# @generated - this file is auto-generated by `mise lock` https://mise.jdx.dev/dev-tools/mise-lock.html

[[tools."github:lauritsk/hatchctl"]]
version = "0.6.11"
backend = "github:lauritsk/hatchctl"

[tools."github:lauritsk/hatchctl"."platforms.linux-arm64"]
checksum = "sha256:dd307968c2d6dfabe920740fcd84595ae2fd0894d862900d9ec7819c7ad45468"
url = "https://github.com/lauritsk/hatchctl/releases/download/v0.6.11/hatchctl_Linux_arm64.tar.gz"
url_api = "https://api.github.com/repos/lauritsk/hatchctl/releases/assets/393394646"

[tools."github:lauritsk/hatchctl"."platforms.linux-arm64-musl"]
checksum = "sha256:dd307968c2d6dfabe920740fcd84595ae2fd0894d862900d9ec7819c7ad45468"
url = "https://github.com/lauritsk/hatchctl/releases/download/v0.6.11/hatchctl_Linux_arm64.tar.gz"
url_api = "https://api.github.com/repos/lauritsk/hatchctl/releases/assets/393394646"

[tools."github:lauritsk/hatchctl"."platforms.linux-x64"]
checksum = "sha256:0eaa8471adc7e8a9babb09a1dc8eea92b1612e96e8fadea522196783a7e59754"
url = "https://github.com/lauritsk/hatchctl/releases/download/v0.6.11/hatchctl_Linux_x86_64.tar.gz"
url_api = "https://api.github.com/repos/lauritsk/hatchctl/releases/assets/393394647"

[tools."github:lauritsk/hatchctl"."platforms.linux-x64-musl"]
checksum = "sha256:0eaa8471adc7e8a9babb09a1dc8eea92b1612e96e8fadea522196783a7e59754"
url = "https://github.com/lauritsk/hatchctl/releases/download/v0.6.11/hatchctl_Linux_x86_64.tar.gz"
url_api = "https://api.github.com/repos/lauritsk/hatchctl/releases/assets/393394647"

[tools."github:lauritsk/hatchctl"."platforms.macos-arm64"]
checksum = "sha256:6b886a2f8aa7ea302d25459b909234ab2de6098350058b43992099ab0676b673"
url = "https://github.com/lauritsk/hatchctl/releases/download/v0.6.11/hatchctl_Darwin_arm64.tar.gz"
url_api = "https://api.github.com/repos/lauritsk/hatchctl/releases/assets/393394649"

[tools."github:lauritsk/hatchctl"."platforms.macos-x64"]
checksum = "sha256:b89d9aa06e876f7f3b5d876466d26a9be3a41efb57582716013827a57de83a5d"
url = "https://github.com/lauritsk/hatchctl/releases/download/v0.6.11/hatchctl_Darwin_x86_64.tar.gz"
url_api = "https://api.github.com/repos/lauritsk/hatchctl/releases/assets/393394648"

[[tools.go]]
version = "1.26.2"
backend = "core:go"

[tools.go."platforms.linux-arm64"]
checksum = "sha256:c958a1fe1b361391db163a485e21f5f228142d6f8b584f6bef89b26f66dc5b23"
url = "https://dl.google.com/go/go1.26.2.linux-arm64.tar.gz"

[tools.go."platforms.linux-arm64-musl"]
checksum = "sha256:c958a1fe1b361391db163a485e21f5f228142d6f8b584f6bef89b26f66dc5b23"
url = "https://dl.google.com/go/go1.26.2.linux-arm64.tar.gz"

[tools.go."platforms.linux-x64"]
checksum = "sha256:990e6b4bbba816dc3ee129eaeaf4b42f17c2800b88a2166c265ac1a200262282"
url = "https://dl.google.com/go/go1.26.2.linux-amd64.tar.gz"

[tools.go."platforms.linux-x64-musl"]
checksum = "sha256:990e6b4bbba816dc3ee129eaeaf4b42f17c2800b88a2166c265ac1a200262282"
url = "https://dl.google.com/go/go1.26.2.linux-amd64.tar.gz"

[tools.go."platforms.macos-arm64"]
checksum = "sha256:32af1522bf3e3ff3975864780a429cc0b41d190ec7bf90faa661d6d64566e7af"
url = "https://dl.google.com/go/go1.26.2.darwin-arm64.tar.gz"

[tools.go."platforms.macos-x64"]
checksum = "sha256:bc3f1500d9968c36d705442d90ba91addf9271665033748b82532682e90a7966"
url = "https://dl.google.com/go/go1.26.2.darwin-amd64.tar.gz"

[tools.go."platforms.windows-x64"]
checksum = "sha256:98eb3570bade15cb826b0909338df6cc6d2cf590bc39c471142002db3832b708"
url = "https://dl.google.com/go/go1.26.2.windows-amd64.zip"
