# @generated - this file is auto-generated by `mise lock` https://mise.jdx.dev/dev-tools/mise-lock.html

[[tools."github:lauritsk/hatchctl"]]
version = "0.6.8"
backend = "github:lauritsk/hatchctl"

[tools."github:lauritsk/hatchctl"."platforms.linux-arm64"]
checksum = "sha256:0b612ea7d128516de80a16b6030538793e7a999dd6e80a2ae86f592b0ea04936"
url = "https://github.com/lauritsk/hatchctl/releases/download/v0.6.8/hatchctl_Linux_arm64.tar.gz"
url_api = "https://api.github.com/repos/lauritsk/hatchctl/releases/assets/393009743"

[tools."github:lauritsk/hatchctl"."platforms.linux-arm64-musl"]
checksum = "sha256:0b612ea7d128516de80a16b6030538793e7a999dd6e80a2ae86f592b0ea04936"
url = "https://github.com/lauritsk/hatchctl/releases/download/v0.6.8/hatchctl_Linux_arm64.tar.gz"
url_api = "https://api.github.com/repos/lauritsk/hatchctl/releases/assets/393009743"

[tools."github:lauritsk/hatchctl"."platforms.linux-x64"]
checksum = "sha256:a7d2f52f6e6504f85553bec03ac9cdabd3170cf28c2ad548697153c2a4f42fad"
url = "https://github.com/lauritsk/hatchctl/releases/download/v0.6.8/hatchctl_Linux_x86_64.tar.gz"
url_api = "https://api.github.com/repos/lauritsk/hatchctl/releases/assets/393009740"

[tools."github:lauritsk/hatchctl"."platforms.linux-x64-musl"]
checksum = "sha256:a7d2f52f6e6504f85553bec03ac9cdabd3170cf28c2ad548697153c2a4f42fad"
url = "https://github.com/lauritsk/hatchctl/releases/download/v0.6.8/hatchctl_Linux_x86_64.tar.gz"
url_api = "https://api.github.com/repos/lauritsk/hatchctl/releases/assets/393009740"

[tools."github:lauritsk/hatchctl"."platforms.macos-arm64"]
checksum = "sha256:6ff5ce42aa6ce458bd350810c15b9171d0fed99ee6376be3aa1eaad27308557c"
url = "https://github.com/lauritsk/hatchctl/releases/download/v0.6.8/hatchctl_Darwin_arm64.tar.gz"
url_api = "https://api.github.com/repos/lauritsk/hatchctl/releases/assets/393009741"

[tools."github:lauritsk/hatchctl"."platforms.macos-x64"]
checksum = "sha256:a82ee544f83c127d8ceee3b2bac4ded21d5353c180ab06f56b1edaf2ddb12e3a"
url = "https://github.com/lauritsk/hatchctl/releases/download/v0.6.8/hatchctl_Darwin_x86_64.tar.gz"
url_api = "https://api.github.com/repos/lauritsk/hatchctl/releases/assets/393009742"

[[tools.go]]
version = "1.26.2"
backend = "core:go"

[tools.go."platforms.linux-arm64"]
checksum = "sha256:c958a1fe1b361391db163a485e21f5f228142d6f8b584f6bef89b26f66dc5b23"
url = "https://dl.google.com/go/go1.26.2.linux-arm64.tar.gz"

[tools.go."platforms.linux-arm64-musl"]
checksum = "sha256:c958a1fe1b361391db163a485e21f5f228142d6f8b584f6bef89b26f66dc5b23"
url = "https://dl.google.com/go/go1.26.2.linux-arm64.tar.gz"

[tools.go."platforms.linux-x64"]
checksum = "sha256:990e6b4bbba816dc3ee129eaeaf4b42f17c2800b88a2166c265ac1a200262282"
url = "https://dl.google.com/go/go1.26.2.linux-amd64.tar.gz"

[tools.go."platforms.linux-x64-musl"]
checksum = "sha256:990e6b4bbba816dc3ee129eaeaf4b42f17c2800b88a2166c265ac1a200262282"
url = "https://dl.google.com/go/go1.26.2.linux-amd64.tar.gz"

[tools.go."platforms.macos-arm64"]
checksum = "sha256:32af1522bf3e3ff3975864780a429cc0b41d190ec7bf90faa661d6d64566e7af"
url = "https://dl.google.com/go/go1.26.2.darwin-arm64.tar.gz"

[tools.go."platforms.macos-x64"]
checksum = "sha256:bc3f1500d9968c36d705442d90ba91addf9271665033748b82532682e90a7966"
url = "https://dl.google.com/go/go1.26.2.darwin-amd64.tar.gz"

[tools.go."platforms.windows-x64"]
checksum = "sha256:98eb3570bade15cb826b0909338df6cc6d2cf590bc39c471142002db3832b708"
url = "https://dl.google.com/go/go1.26.2.windows-amd64.zip"
